
Microsoft Visual Studio Solution File, Format Version 12.00
# Visual Studio Version 16
VisualStudioVersion = 16.0.30523.141
MinimumVisualStudioVersion = 10.0.40219.1
Project("{8BC9CEB8-8B4A-11D0-8D11-00A0C91BC942}") = "week4", "OOP_CPP\OOP_CPP.vcxproj", "{4333DA46-6B2D-4774-9EA3-609A47CEC61D}"
EndProject
Project("{8BC9CEB8-8B4A-11D0-8D11-00A0C91BC942}") = "SUSI", "SUSI\SUSI.vcxproj", "{F3548978-D394-4BEF-9ECE-5A7D83BC9A47}"
EndProject
Global
	GlobalSection(SolutionConfigurationPlatforms) = preSolution
		Debug|x64 = Debug|x64
		Debug|x86 = Debug|x86
		Release|x64 = Release|x64
		Release|x86 = Release|x86
	EndGlobalSection
	GlobalSection(ProjectConfigurationPlatforms) = postSolution
		{4333DA46-6B2D-4774-9EA3-609A47CEC61D}.Debug|x64.ActiveCfg = Debug|x64
		{4333DA46-6B2D-4774-9EA3-609A47CEC61D}.Debug|x64.Build.0 = Debug|x64
		{4333DA46-6B2D-4774-9EA3-609A47CEC61D}.Debug|x86.ActiveCfg = Debug|Win32
		{4333DA46-6B2D-4774-9EA3-609A47CEC61D}.Debug|x86.Build.0 = Debug|Win32
		{4333DA46-6B2D-4774-9EA3-609A47CEC61D}.Release|x64.ActiveCfg = Release|x64
		{4333DA46-6B2D-4774-9EA3-609A47CEC61D}.Release|x64.Build.0 = Release|x64
		{4333DA46-6B2D-4774-9EA3-609A47CEC61D}.Release|x86.ActiveCfg = Release|Win32
		{4333DA46-6B2D-4774-9EA3-609A47CEC61D}.Release|x86.Build.0 = Release|Win32
		{F3548978-D394-4BEF-9ECE-5A7D83BC9A47}.Debug|x64.ActiveCfg = Debug|x64
		{F3548978-D394-4BEF-9ECE-5A7D83BC9A47}.Debug|x64.Build.0 = Debug|x64
		{F3548978-D394-4BEF-9ECE-5A7D83BC9A47}.Debug|x86.ActiveCfg = Debug|Win32
		{F3548978-D394-4BEF-9ECE-5A7D83BC9A47}.Debug|x86.Build.0 = Debug|Win32
		{F3548978-D394-4BEF-9ECE-5A7D83BC9A47}.Release|x64.ActiveCfg = Release|x64
		{F3548978-D394-4BEF-9ECE-5A7D83BC9A47}.Release|x64.Build.0 = Release|x64
		{F3548978-D394-4BEF-9ECE-5A7D83BC9A47}.Release|x86.ActiveCfg = Release|Win32
		{F3548978-D394-4BEF-9ECE-5A7D83BC9A47}.Release|x86.Build.0 = Release|Win32
	EndGlobalSection
	GlobalSection(SolutionProperties) = preSolution
		HideSolutionNode = FALSE
	EndGlobalSection
	GlobalSection(ExtensibilityGlobals) = postSolution
		SolutionGuid = {7DB5EC0A-18A2-42D5-ADFF-EC48F522FA75}
	EndGlobalSection
EndGlobal
